
Microsoft Visual Studio Solution File, Format Version 10.00
# Visual Studio 2008
Project("{FAE04EC0-301F-11D3-BF4B-00C04F79EFBC}") = "NIntegrate.Web", "NIntegrate.Web\NIntegrate.Web.csproj", "{0B23908A-D089-410E-9A0D-C42AAD2AD838}"
EndProject
Project("{2150E333-8FDC-42A3-9474-1A3956D46DE8}") = "Solution Items", "Solution Items", "{1B23F882-0C8F-49A7-8C61-E1714F057D1F}"
	ProjectSection(SolutionItems) = preProject
		..\BSD.license = ..\BSD.license
		..\readme.txt = ..\readme.txt
		..\release-note.txt = ..\release-note.txt
	EndProjectSection
EndProject
Project("{FAE04EC0-301F-11D3-BF4B-00C04F79EFBC}") = "NIntegrate.Test", "NIntegrate.Test\NIntegrate.Test.csproj", "{1B12FC2F-CCB3-4A93-855C-946D688D4408}"
EndProject
Project("{FAE04EC0-301F-11D3-BF4B-00C04F79EFBC}") = "NIntegrate.ServiceModel", "NIntegrate.ServiceModel\NIntegrate.ServiceModel.csproj", "{C39288B4-5C84-4FDE-953D-23CC630576F7}"
EndProject
Project("{FAE04EC0-301F-11D3-BF4B-00C04F79EFBC}") = "NIntegrate.Data", "NIntegrate.Data\NIntegrate.Data.csproj", "{ABB6193C-5749-4457-881D-7B987697782E}"
EndProject
Project("{FAE04EC0-301F-11D3-BF4B-00C04F79EFBC}") = "NIntegrate.WebTest", "NIntegrate.WebTest\NIntegrate.WebTest.csproj", "{BFECC285-D8C7-4444-9686-54CBC6C6DDB7}"
EndProject
Project("{FAE04EC0-301F-11D3-BF4B-00C04F79EFBC}") = "NIntegrate.Utilities", "NIntegrate.Utilities\NIntegrate.Utilities.csproj", "{F7825B16-08AC-4351-AEC5-C6D1FB68B493}"
EndProject
Global
	GlobalSection(SubversionScc) = preSolution
		Svn-Managed = True
		Manager = AnkhSVN - Subversion Support for Visual Studio
	EndGlobalSection
	GlobalSection(SolutionConfigurationPlatforms) = preSolution
		Debug|Any CPU = Debug|Any CPU
		Release|Any CPU = Release|Any CPU
	EndGlobalSection
	GlobalSection(ProjectConfigurationPlatforms) = postSolution
		{0B23908A-D089-410E-9A0D-C42AAD2AD838}.Debug|Any CPU.ActiveCfg = Debug|Any CPU
		{0B23908A-D089-410E-9A0D-C42AAD2AD838}.Debug|Any CPU.Build.0 = Debug|Any CPU
		{0B23908A-D089-410E-9A0D-C42AAD2AD838}.Release|Any CPU.ActiveCfg = Release|Any CPU
		{0B23908A-D089-410E-9A0D-C42AAD2AD838}.Release|Any CPU.Build.0 = Release|Any CPU
		{1B12FC2F-CCB3-4A93-855C-946D688D4408}.Debug|Any CPU.ActiveCfg = Debug|Any CPU
		{1B12FC2F-CCB3-4A93-855C-946D688D4408}.Debug|Any CPU.Build.0 = Debug|Any CPU
		{1B12FC2F-CCB3-4A93-855C-946D688D4408}.Release|Any CPU.ActiveCfg = Release|Any CPU
		{1B12FC2F-CCB3-4A93-855C-946D688D4408}.Release|Any CPU.Build.0 = Release|Any CPU
		{C39288B4-5C84-4FDE-953D-23CC630576F7}.Debug|Any CPU.ActiveCfg = Debug|Any CPU
		{C39288B4-5C84-4FDE-953D-23CC630576F7}.Debug|Any CPU.Build.0 = Debug|Any CPU
		{C39288B4-5C84-4FDE-953D-23CC630576F7}.Release|Any CPU.ActiveCfg = Release|Any CPU
		{C39288B4-5C84-4FDE-953D-23CC630576F7}.Release|Any CPU.Build.0 = Release|Any CPU
		{ABB6193C-5749-4457-881D-7B987697782E}.Debug|Any CPU.ActiveCfg = Debug|Any CPU
		{ABB6193C-5749-4457-881D-7B987697782E}.Debug|Any CPU.Build.0 = Debug|Any CPU
		{ABB6193C-5749-4457-881D-7B987697782E}.Release|Any CPU.ActiveCfg = Release|Any CPU
		{ABB6193C-5749-4457-881D-7B987697782E}.Release|Any CPU.Build.0 = Release|Any CPU
		{BFECC285-D8C7-4444-9686-54CBC6C6DDB7}.Debug|Any CPU.ActiveCfg = Debug|Any CPU
		{BFECC285-D8C7-4444-9686-54CBC6C6DDB7}.Debug|Any CPU.Build.0 = Debug|Any CPU
		{BFECC285-D8C7-4444-9686-54CBC6C6DDB7}.Release|Any CPU.ActiveCfg = Release|Any CPU
		{BFECC285-D8C7-4444-9686-54CBC6C6DDB7}.Release|Any CPU.Build.0 = Release|Any CPU
		{F7825B16-08AC-4351-AEC5-C6D1FB68B493}.Debug|Any CPU.ActiveCfg = Debug|Any CPU
		{F7825B16-08AC-4351-AEC5-C6D1FB68B493}.Debug|Any CPU.Build.0 = Debug|Any CPU
		{F7825B16-08AC-4351-AEC5-C6D1FB68B493}.Release|Any CPU.ActiveCfg = Release|Any CPU
		{F7825B16-08AC-4351-AEC5-C6D1FB68B493}.Release|Any CPU.Build.0 = Release|Any CPU
	EndGlobalSection
	GlobalSection(SolutionProperties) = preSolution
		HideSolutionNode = FALSE
	EndGlobalSection
EndGlobal
