
Microsoft Visual Studio Solution File, Format Version 10.00
# Visual Studio 2008
Project("{FAE04EC0-301F-11D3-BF4B-00C04F79EFBC}") = "NIntegrate", "..\core\NIntegrate\NIntegrate.csproj", "{AD280D0D-B1C3-4226-93E6-2CC026593D23}"
EndProject
Project("{FAE04EC0-301F-11D3-BF4B-00C04F79EFBC}") = "NIntegrate.Query", "..\core\NIntegrate.Query\NIntegrate.Query.csproj", "{31B4FDFA-5FA9-4F41-9825-1613FFD3D440}"
EndProject
Project("{FAE04EC0-301F-11D3-BF4B-00C04F79EFBC}") = "NIntegrate.Query.Command", "..\core\NIntegrate.Query.Command\NIntegrate.Query.Command.csproj", "{39F21CCC-EABD-48F9-9C25-AC02513E9F31}"
EndProject
Project("{FAE04EC0-301F-11D3-BF4B-00C04F79EFBC}") = "NIntegrate.Web", "..\core\NIntegrate.Web\NIntegrate.Web.csproj", "{0B23908A-D089-410E-9A0D-C42AAD2AD838}"
EndProject
Project("{2150E333-8FDC-42A3-9474-1A3956D46DE8}") = "core", "core", "{E8D5A1F3-E30B-473B-BBB1-E1D7998DF731}"
EndProject
Project("{2150E333-8FDC-42A3-9474-1A3956D46DE8}") = "setup", "setup", "{895E8C77-C1C5-4016-8D1C-A7D0408E1342}"
	ProjectSection(SolutionItems) = preProject
		setup\EnterpriseIntegration_data.sql = setup\EnterpriseIntegration_data.sql
		setup\NIntegrateConfigAllInOneSetupScript.sql = setup\NIntegrateConfigAllInOneSetupScript.sql
		setup\readme.txt = setup\readme.txt
		setup\SimpleServiceProviderAndConsumer_data.sql = setup\SimpleServiceProviderAndConsumer_data.sql
	EndProjectSection
EndProject
Project("{2150E333-8FDC-42A3-9474-1A3956D46DE8}") = "samples", "samples", "{9DD6C23D-8F4B-440C-A079-3B8E76896B80}"
EndProject
Project("{2150E333-8FDC-42A3-9474-1A3956D46DE8}") = "SimpleServiceProviderAndConsumer", "SimpleServiceProviderAndConsumer", "{2CFFDB5D-02C2-44DD-A3BB-50CFB8D7F9FE}"
EndProject
Project("{FAE04EC0-301F-11D3-BF4B-00C04F79EFBC}") = "SimpleServiceProvider", "SimpleServiceProvider\SimpleServiceProvider.csproj", "{633BDA2E-BD66-42D1-8623-D894A8A59A59}"
EndProject
Project("{FAE04EC0-301F-11D3-BF4B-00C04F79EFBC}") = "SimpleServiceContracts", "SimpleServiceContracts\SimpleServiceContracts.csproj", "{F33C090E-FD6E-496D-B257-FB4AC4FE17FC}"
EndProject
Project("{FAE04EC0-301F-11D3-BF4B-00C04F79EFBC}") = "SimpleServiceImpls", "SimpleServiceImpls\SimpleServiceImpls.csproj", "{65B37AA1-47C1-410B-9048-17EF376B14C3}"
EndProject
Project("{FAE04EC0-301F-11D3-BF4B-00C04F79EFBC}") = "SimpleServiceConsumer", "SimpleServiceConsumer\SimpleServiceConsumer.csproj", "{028D2294-1E14-44CC-8D23-85CF21CCF61C}"
EndProject
Project("{2150E333-8FDC-42A3-9474-1A3956D46DE8}") = "EnterpriseIntegration", "EnterpriseIntegration", "{65D8A14B-E2A4-4E89-9D08-95B428A6478A}"
EndProject
Project("{FAE04EC0-301F-11D3-BF4B-00C04F79EFBC}") = "EnterpriseSharedServiceContracts", "EnterpriseSharedServiceContracts\EnterpriseSharedServiceContracts.csproj", "{195F8154-0A09-4D31-8850-E2740361C665}"
EndProject
Project("{FAE04EC0-301F-11D3-BF4B-00C04F79EFBC}") = "EnterpriseSharedServiceImpls", "EnterpriseSharedServiceImpls\EnterpriseSharedServiceImpls.csproj", "{E9E255D7-8759-4A3F-902C-C2B8D972867F}"
EndProject
Project("{FAE04EC0-301F-11D3-BF4B-00C04F79EFBC}") = "EnterpriseSharedServices", "EnterpriseSharedServices\EnterpriseSharedServices.csproj", "{D0186F76-B34F-4E3F-91DE-42797A752D00}"
EndProject
Project("{FAE04EC0-301F-11D3-BF4B-00C04F79EFBC}") = "EnterpriseAspNetAppServiceContractsV1", "EnterpriseAspNetAppServiceContractsV1\EnterpriseAspNetAppServiceContractsV1.csproj", "{D5BEBB99-FB1F-4640-8238-EB8091244A1C}"
EndProject
Project("{FAE04EC0-301F-11D3-BF4B-00C04F79EFBC}") = "EnterpriseAspNetAppServiceContractsV2", "EnterpriseAspNetAppServiceContractsV2\EnterpriseAspNetAppServiceContractsV2.csproj", "{E1FAAF36-175C-43B8-AD1C-B976CBE332EB}"
EndProject
Project("{FAE04EC0-301F-11D3-BF4B-00C04F79EFBC}") = "EnterpriseAspNetApp", "EnterpriseAspNetApp\EnterpriseAspNetApp.csproj", "{217F3CD8-91AE-43B3-AEA3-C62DC7BFC7FA}"
EndProject
Project("{FAE04EC0-301F-11D3-BF4B-00C04F79EFBC}") = "EnterpriseAspNetAppQueryCriterias", "EnterpriseAspNetAppQueryCriterias\EnterpriseAspNetAppQueryCriterias.csproj", "{DA8CB246-C612-41A6-9F66-C67CF826AF9E}"
EndProject
Project("{FAE04EC0-301F-11D3-BF4B-00C04F79EFBC}") = "EnterpriseAspApp", "EnterpriseAspApp\EnterpriseAspApp.csproj", "{C1AA4D7C-3D05-4628-8C29-84318015F350}"
EndProject
Project("{FAE04EC0-301F-11D3-BF4B-00C04F79EFBC}") = "EnterpriseServiceComWrapper", "EnterpriseServiceComWrapper\EnterpriseServiceComWrapper.csproj", "{52CF2258-B4BB-458B-8547-742DFAE266B1}"
EndProject
Project("{FAE04EC0-301F-11D3-BF4B-00C04F79EFBC}") = "EnterpriseAspNetAppLegacyConsumer", "EnterpriseAspNetAppLegacyConsumer\EnterpriseAspNetAppLegacyConsumer.csproj", "{EB6B8DC2-312B-473A-9D65-8F0EBF4C43BA}"
EndProject
Global
	GlobalSection(SubversionScc) = preSolution
		Svn-Managed = True
		Manager = AnkhSVN - Subversion Support for Visual Studio
	EndGlobalSection
	GlobalSection(SolutionConfigurationPlatforms) = preSolution
		Debug|Any CPU = Debug|Any CPU
		Release|Any CPU = Release|Any CPU
	EndGlobalSection
	GlobalSection(ProjectConfigurationPlatforms) = postSolution
		{AD280D0D-B1C3-4226-93E6-2CC026593D23}.Debug|Any CPU.ActiveCfg = Debug|Any CPU
		{AD280D0D-B1C3-4226-93E6-2CC026593D23}.Debug|Any CPU.Build.0 = Debug|Any CPU
		{AD280D0D-B1C3-4226-93E6-2CC026593D23}.Release|Any CPU.ActiveCfg = Release|Any CPU
		{AD280D0D-B1C3-4226-93E6-2CC026593D23}.Release|Any CPU.Build.0 = Release|Any CPU
		{31B4FDFA-5FA9-4F41-9825-1613FFD3D440}.Debug|Any CPU.ActiveCfg = Debug|Any CPU
		{31B4FDFA-5FA9-4F41-9825-1613FFD3D440}.Debug|Any CPU.Build.0 = Debug|Any CPU
		{31B4FDFA-5FA9-4F41-9825-1613FFD3D440}.Release|Any CPU.ActiveCfg = Release|Any CPU
		{31B4FDFA-5FA9-4F41-9825-1613FFD3D440}.Release|Any CPU.Build.0 = Release|Any CPU
		{39F21CCC-EABD-48F9-9C25-AC02513E9F31}.Debug|Any CPU.ActiveCfg = Debug|Any CPU
		{39F21CCC-EABD-48F9-9C25-AC02513E9F31}.Debug|Any CPU.Build.0 = Debug|Any CPU
		{39F21CCC-EABD-48F9-9C25-AC02513E9F31}.Release|Any CPU.ActiveCfg = Release|Any CPU
		{39F21CCC-EABD-48F9-9C25-AC02513E9F31}.Release|Any CPU.Build.0 = Release|Any CPU
		{0B23908A-D089-410E-9A0D-C42AAD2AD838}.Debug|Any CPU.ActiveCfg = Debug|Any CPU
		{0B23908A-D089-410E-9A0D-C42AAD2AD838}.Debug|Any CPU.Build.0 = Debug|Any CPU
		{0B23908A-D089-410E-9A0D-C42AAD2AD838}.Release|Any CPU.ActiveCfg = Release|Any CPU
		{0B23908A-D089-410E-9A0D-C42AAD2AD838}.Release|Any CPU.Build.0 = Release|Any CPU
		{633BDA2E-BD66-42D1-8623-D894A8A59A59}.Debug|Any CPU.ActiveCfg = Debug|Any CPU
		{633BDA2E-BD66-42D1-8623-D894A8A59A59}.Debug|Any CPU.Build.0 = Debug|Any CPU
		{633BDA2E-BD66-42D1-8623-D894A8A59A59}.Release|Any CPU.ActiveCfg = Release|Any CPU
		{633BDA2E-BD66-42D1-8623-D894A8A59A59}.Release|Any CPU.Build.0 = Release|Any CPU
		{F33C090E-FD6E-496D-B257-FB4AC4FE17FC}.Debug|Any CPU.ActiveCfg = Debug|Any CPU
		{F33C090E-FD6E-496D-B257-FB4AC4FE17FC}.Debug|Any CPU.Build.0 = Debug|Any CPU
		{F33C090E-FD6E-496D-B257-FB4AC4FE17FC}.Release|Any CPU.ActiveCfg = Release|Any CPU
		{F33C090E-FD6E-496D-B257-FB4AC4FE17FC}.Release|Any CPU.Build.0 = Release|Any CPU
		{65B37AA1-47C1-410B-9048-17EF376B14C3}.Debug|Any CPU.ActiveCfg = Debug|Any CPU
		{65B37AA1-47C1-410B-9048-17EF376B14C3}.Debug|Any CPU.Build.0 = Debug|Any CPU
		{65B37AA1-47C1-410B-9048-17EF376B14C3}.Release|Any CPU.ActiveCfg = Release|Any CPU
		{65B37AA1-47C1-410B-9048-17EF376B14C3}.Release|Any CPU.Build.0 = Release|Any CPU
		{028D2294-1E14-44CC-8D23-85CF21CCF61C}.Debug|Any CPU.ActiveCfg = Debug|Any CPU
		{028D2294-1E14-44CC-8D23-85CF21CCF61C}.Debug|Any CPU.Build.0 = Debug|Any CPU
		{028D2294-1E14-44CC-8D23-85CF21CCF61C}.Release|Any CPU.ActiveCfg = Release|Any CPU
		{028D2294-1E14-44CC-8D23-85CF21CCF61C}.Release|Any CPU.Build.0 = Release|Any CPU
		{195F8154-0A09-4D31-8850-E2740361C665}.Debug|Any CPU.ActiveCfg = Debug|Any CPU
		{195F8154-0A09-4D31-8850-E2740361C665}.Debug|Any CPU.Build.0 = Debug|Any CPU
		{195F8154-0A09-4D31-8850-E2740361C665}.Release|Any CPU.ActiveCfg = Release|Any CPU
		{195F8154-0A09-4D31-8850-E2740361C665}.Release|Any CPU.Build.0 = Release|Any CPU
		{E9E255D7-8759-4A3F-902C-C2B8D972867F}.Debug|Any CPU.ActiveCfg = Debug|Any CPU
		{E9E255D7-8759-4A3F-902C-C2B8D972867F}.Debug|Any CPU.Build.0 = Debug|Any CPU
		{E9E255D7-8759-4A3F-902C-C2B8D972867F}.Release|Any CPU.ActiveCfg = Release|Any CPU
		{E9E255D7-8759-4A3F-902C-C2B8D972867F}.Release|Any CPU.Build.0 = Release|Any CPU
		{D0186F76-B34F-4E3F-91DE-42797A752D00}.Debug|Any CPU.ActiveCfg = Debug|Any CPU
		{D0186F76-B34F-4E3F-91DE-42797A752D00}.Debug|Any CPU.Build.0 = Debug|Any CPU
		{D0186F76-B34F-4E3F-91DE-42797A752D00}.Release|Any CPU.ActiveCfg = Release|Any CPU
		{D0186F76-B34F-4E3F-91DE-42797A752D00}.Release|Any CPU.Build.0 = Release|Any CPU
		{D5BEBB99-FB1F-4640-8238-EB8091244A1C}.Debug|Any CPU.ActiveCfg = Debug|Any CPU
		{D5BEBB99-FB1F-4640-8238-EB8091244A1C}.Debug|Any CPU.Build.0 = Debug|Any CPU
		{D5BEBB99-FB1F-4640-8238-EB8091244A1C}.Release|Any CPU.ActiveCfg = Release|Any CPU
		{D5BEBB99-FB1F-4640-8238-EB8091244A1C}.Release|Any CPU.Build.0 = Release|Any CPU
		{E1FAAF36-175C-43B8-AD1C-B976CBE332EB}.Debug|Any CPU.ActiveCfg = Debug|Any CPU
		{E1FAAF36-175C-43B8-AD1C-B976CBE332EB}.Debug|Any CPU.Build.0 = Debug|Any CPU
		{E1FAAF36-175C-43B8-AD1C-B976CBE332EB}.Release|Any CPU.ActiveCfg = Release|Any CPU
		{E1FAAF36-175C-43B8-AD1C-B976CBE332EB}.Release|Any CPU.Build.0 = Release|Any CPU
		{217F3CD8-91AE-43B3-AEA3-C62DC7BFC7FA}.Debug|Any CPU.ActiveCfg = Debug|Any CPU
		{217F3CD8-91AE-43B3-AEA3-C62DC7BFC7FA}.Debug|Any CPU.Build.0 = Debug|Any CPU
		{217F3CD8-91AE-43B3-AEA3-C62DC7BFC7FA}.Release|Any CPU.ActiveCfg = Release|Any CPU
		{217F3CD8-91AE-43B3-AEA3-C62DC7BFC7FA}.Release|Any CPU.Build.0 = Release|Any CPU
		{DA8CB246-C612-41A6-9F66-C67CF826AF9E}.Debug|Any CPU.ActiveCfg = Debug|Any CPU
		{DA8CB246-C612-41A6-9F66-C67CF826AF9E}.Debug|Any CPU.Build.0 = Debug|Any CPU
		{DA8CB246-C612-41A6-9F66-C67CF826AF9E}.Release|Any CPU.ActiveCfg = Release|Any CPU
		{DA8CB246-C612-41A6-9F66-C67CF826AF9E}.Release|Any CPU.Build.0 = Release|Any CPU
		{C1AA4D7C-3D05-4628-8C29-84318015F350}.Debug|Any CPU.ActiveCfg = Debug|Any CPU
		{C1AA4D7C-3D05-4628-8C29-84318015F350}.Debug|Any CPU.Build.0 = Debug|Any CPU
		{C1AA4D7C-3D05-4628-8C29-84318015F350}.Release|Any CPU.ActiveCfg = Release|Any CPU
		{C1AA4D7C-3D05-4628-8C29-84318015F350}.Release|Any CPU.Build.0 = Release|Any CPU
		{52CF2258-B4BB-458B-8547-742DFAE266B1}.Debug|Any CPU.ActiveCfg = Debug|Any CPU
		{52CF2258-B4BB-458B-8547-742DFAE266B1}.Debug|Any CPU.Build.0 = Debug|Any CPU
		{52CF2258-B4BB-458B-8547-742DFAE266B1}.Release|Any CPU.ActiveCfg = Release|Any CPU
		{52CF2258-B4BB-458B-8547-742DFAE266B1}.Release|Any CPU.Build.0 = Release|Any CPU
		{EB6B8DC2-312B-473A-9D65-8F0EBF4C43BA}.Debug|Any CPU.ActiveCfg = Debug|Any CPU
		{EB6B8DC2-312B-473A-9D65-8F0EBF4C43BA}.Debug|Any CPU.Build.0 = Debug|Any CPU
		{EB6B8DC2-312B-473A-9D65-8F0EBF4C43BA}.Release|Any CPU.ActiveCfg = Release|Any CPU
		{EB6B8DC2-312B-473A-9D65-8F0EBF4C43BA}.Release|Any CPU.Build.0 = Release|Any CPU
	EndGlobalSection
	GlobalSection(SolutionProperties) = preSolution
		HideSolutionNode = FALSE
	EndGlobalSection
	GlobalSection(NestedProjects) = preSolution
		{31B4FDFA-5FA9-4F41-9825-1613FFD3D440} = {E8D5A1F3-E30B-473B-BBB1-E1D7998DF731}
		{39F21CCC-EABD-48F9-9C25-AC02513E9F31} = {E8D5A1F3-E30B-473B-BBB1-E1D7998DF731}
		{0B23908A-D089-410E-9A0D-C42AAD2AD838} = {E8D5A1F3-E30B-473B-BBB1-E1D7998DF731}
		{AD280D0D-B1C3-4226-93E6-2CC026593D23} = {E8D5A1F3-E30B-473B-BBB1-E1D7998DF731}
		{2CFFDB5D-02C2-44DD-A3BB-50CFB8D7F9FE} = {9DD6C23D-8F4B-440C-A079-3B8E76896B80}
		{65D8A14B-E2A4-4E89-9D08-95B428A6478A} = {9DD6C23D-8F4B-440C-A079-3B8E76896B80}
		{633BDA2E-BD66-42D1-8623-D894A8A59A59} = {2CFFDB5D-02C2-44DD-A3BB-50CFB8D7F9FE}
		{F33C090E-FD6E-496D-B257-FB4AC4FE17FC} = {2CFFDB5D-02C2-44DD-A3BB-50CFB8D7F9FE}
		{65B37AA1-47C1-410B-9048-17EF376B14C3} = {2CFFDB5D-02C2-44DD-A3BB-50CFB8D7F9FE}
		{028D2294-1E14-44CC-8D23-85CF21CCF61C} = {2CFFDB5D-02C2-44DD-A3BB-50CFB8D7F9FE}
		{195F8154-0A09-4D31-8850-E2740361C665} = {65D8A14B-E2A4-4E89-9D08-95B428A6478A}
		{E9E255D7-8759-4A3F-902C-C2B8D972867F} = {65D8A14B-E2A4-4E89-9D08-95B428A6478A}
		{D0186F76-B34F-4E3F-91DE-42797A752D00} = {65D8A14B-E2A4-4E89-9D08-95B428A6478A}
		{D5BEBB99-FB1F-4640-8238-EB8091244A1C} = {65D8A14B-E2A4-4E89-9D08-95B428A6478A}
		{E1FAAF36-175C-43B8-AD1C-B976CBE332EB} = {65D8A14B-E2A4-4E89-9D08-95B428A6478A}
		{217F3CD8-91AE-43B3-AEA3-C62DC7BFC7FA} = {65D8A14B-E2A4-4E89-9D08-95B428A6478A}
		{DA8CB246-C612-41A6-9F66-C67CF826AF9E} = {65D8A14B-E2A4-4E89-9D08-95B428A6478A}
		{C1AA4D7C-3D05-4628-8C29-84318015F350} = {65D8A14B-E2A4-4E89-9D08-95B428A6478A}
		{52CF2258-B4BB-458B-8547-742DFAE266B1} = {65D8A14B-E2A4-4E89-9D08-95B428A6478A}
		{EB6B8DC2-312B-473A-9D65-8F0EBF4C43BA} = {65D8A14B-E2A4-4E89-9D08-95B428A6478A}
	EndGlobalSection
EndGlobal
